
Microsoft Visual Studio Solution File, Format Version 11.00
# Visual Studio 2010
Project("{FAE04EC0-301F-11D3-BF4B-00C04F79EFBC}") = "LogAnalyzer.GUI", "LogAnalyzer\LogAnalyzer.GUI.csproj", "{2B2192E9-C25A-4B12-96E8-38526B549D1C}"
EndProject
Project("{FAE04EC0-301F-11D3-BF4B-00C04F79EFBC}") = "LogAnalyzer.App", "LogAnalyzer.App\LogAnalyzer.App.csproj", "{8297DC66-BABB-4AC8-8B80-E75B9413E0D2}"
EndProject
Project("{FAE04EC0-301F-11D3-BF4B-00C04F79EFBC}") = "LogAnalyzer.Core", "LogAnalyzer.Core\LogAnalyzer.Core.csproj", "{C5AE0D58-C471-4AE1-A2D3-6AE1FED2AF78}"
EndProject
Project("{FAE04EC0-301F-11D3-BF4B-00C04F79EFBC}") = "LogAnalyzer.Most.App", "LogAnalyzer.Most.App\LogAnalyzer.Most.App.csproj", "{C273605B-D557-4F56-A49D-D080E7982A25}"
EndProject
Project("{FAE04EC0-301F-11D3-BF4B-00C04F79EFBC}") = "LogAnalyzer.Tests", "LogAnalyzer.Tests\LogAnalyzer.Tests.csproj", "{FB338E53-99EE-4568-9B3D-CC85004E58F2}"
EndProject
Project("{FAE04EC0-301F-11D3-BF4B-00C04F79EFBC}") = "LogAnalyzer.Tests.Common", "LogAnalyzer.Tests.Common\LogAnalyzer.Tests.Common.csproj", "{5C692517-E5B1-44E7-A0C1-568A50E04D91}"
EndProject
Project("{FAE04EC0-301F-11D3-BF4B-00C04F79EFBC}") = "ModuleLogsProvider.Logging", "ModuleLogsProvider.Logging\ModuleLogsProvider.Logging.csproj", "{44C0DB5F-B7FB-41F5-ABC2-23DB8FAEF1DA}"
	ProjectSection(ProjectDependencies) = postProject
		{42D90415-3C69-49BA-BB26-57DE8E4D12AE} = {42D90415-3C69-49BA-BB26-57DE8E4D12AE}
	EndProjectSection
EndProject
Project("{FAE04EC0-301F-11D3-BF4B-00C04F79EFBC}") = "ModuleLogsProvider.Tests", "ModuleLogsProvider.Tests\ModuleLogsProvider.Tests.csproj", "{69FA789B-AF1C-46B6-BA96-802155241DBC}"
EndProject
Project("{FAE04EC0-301F-11D3-BF4B-00C04F79EFBC}") = "LogAnalysisServer.Dev", "LogAnalysisServer.Dev\LogAnalysisServer.Dev.csproj", "{42D90415-3C69-49BA-BB26-57DE8E4D12AE}"
EndProject
Project("{FAE04EC0-301F-11D3-BF4B-00C04F79EFBC}") = "ModuleLogsProvider.Interfaces", "ModuleLogsProvider.Interfaces\ModuleLogsProvider.Interfaces.csproj", "{94207655-B188-454C-93B9-867EBB413B61}"
EndProject
Project("{FAE04EC0-301F-11D3-BF4B-00C04F79EFBC}") = "ModuleLogsProvider.SharedTypes", "ModuleLogsProvider.SharedTypes\ModuleLogsProvider.SharedTypes.csproj", "{E6F957AA-0184-4291-8D50-B3ABEE965EF8}"
EndProject
Project("{FAE04EC0-301F-11D3-BF4B-00C04F79EFBC}") = "ModuleLogsProvider", "ModuleLogsProvider\ModuleLogsProvider.csproj", "{2AF58707-0251-4D57-B661-44350E3F516B}"
EndProject
Project("{2150E333-8FDC-42A3-9474-1A3956D46DE8}") = "Server", "Server", "{F1DCCDAF-22C2-40DB-AED8-2A27EE4B10A2}"
EndProject
Project("{2150E333-8FDC-42A3-9474-1A3956D46DE8}") = "Tests", "Tests", "{81905E92-B95E-4103-9E0A-3A5151EAD034}"
EndProject
Project("{FAE04EC0-301F-11D3-BF4B-00C04F79EFBC}") = "ModuleLogsProvider.GUI", "MostLogsProvider.GUI\ModuleLogsProvider.GUI.csproj", "{09FFC2ED-1437-4476-9499-1642A7B04565}"
EndProject
Project("{FAE04EC0-301F-11D3-BF4B-00C04F79EFBC}") = "LogAnalyzer.Zip", "LogAnalyzer.Zip\LogAnalyzer.Zip.csproj", "{E5E2080A-1C25-4847-A068-6102EFD4CE74}"
EndProject
Project("{FAE04EC0-301F-11D3-BF4B-00C04F79EFBC}") = "LogAnalyzer.Zip.Tests", "LogAnalyzer.Zip.Tests\LogAnalyzer.Zip.Tests.csproj", "{AA5A59D4-1872-4CED-AB8F-3117FAC961E8}"
EndProject
Project("{FAE04EC0-301F-11D3-BF4B-00C04F79EFBC}") = "TestApp", "TestApp\TestApp.csproj", "{F563AD06-23E3-43CD-83B2-3AFE8177DE22}"
EndProject
Project("{FAE04EC0-301F-11D3-BF4B-00C04F79EFBC}") = "DynamicDataDisplay", "DynamicDataDisplay\DynamicDataDisplay.csproj", "{ECD37682-DF7E-409F-912D-0965634556B5}"
EndProject
Global
	GlobalSection(SolutionConfigurationPlatforms) = preSolution
		Debug|Any CPU = Debug|Any CPU
		Debug|Mixed Platforms = Debug|Mixed Platforms
		Debug|x86 = Debug|x86
		FullDebug|Any CPU = FullDebug|Any CPU
		FullDebug|Mixed Platforms = FullDebug|Mixed Platforms
		FullDebug|x86 = FullDebug|x86
		Release|Any CPU = Release|Any CPU
		Release|Mixed Platforms = Release|Mixed Platforms
		Release|x86 = Release|x86
		ReleaseXBAP|Any CPU = ReleaseXBAP|Any CPU
		ReleaseXBAP|Mixed Platforms = ReleaseXBAP|Mixed Platforms
		ReleaseXBAP|x86 = ReleaseXBAP|x86
	EndGlobalSection
	GlobalSection(ProjectConfigurationPlatforms) = postSolution
		{2B2192E9-C25A-4B12-96E8-38526B549D1C}.Debug|Any CPU.ActiveCfg = Debug|x86
		{2B2192E9-C25A-4B12-96E8-38526B549D1C}.Debug|Any CPU.Build.0 = Debug|x86
		{2B2192E9-C25A-4B12-96E8-38526B549D1C}.Debug|Mixed Platforms.ActiveCfg = Debug|x86
		{2B2192E9-C25A-4B12-96E8-38526B549D1C}.Debug|Mixed Platforms.Build.0 = Debug|x86
		{2B2192E9-C25A-4B12-96E8-38526B549D1C}.Debug|x86.ActiveCfg = Debug|x86
		{2B2192E9-C25A-4B12-96E8-38526B549D1C}.Debug|x86.Build.0 = Debug|x86
		{2B2192E9-C25A-4B12-96E8-38526B549D1C}.FullDebug|Any CPU.ActiveCfg = FullDebug|x86
		{2B2192E9-C25A-4B12-96E8-38526B549D1C}.FullDebug|Mixed Platforms.ActiveCfg = FullDebug|x86
		{2B2192E9-C25A-4B12-96E8-38526B549D1C}.FullDebug|Mixed Platforms.Build.0 = FullDebug|x86
		{2B2192E9-C25A-4B12-96E8-38526B549D1C}.FullDebug|x86.ActiveCfg = FullDebug|x86
		{2B2192E9-C25A-4B12-96E8-38526B549D1C}.FullDebug|x86.Build.0 = FullDebug|x86
		{2B2192E9-C25A-4B12-96E8-38526B549D1C}.Release|Any CPU.ActiveCfg = Release|x86
		{2B2192E9-C25A-4B12-96E8-38526B549D1C}.Release|Mixed Platforms.ActiveCfg = Release|x86
		{2B2192E9-C25A-4B12-96E8-38526B549D1C}.Release|Mixed Platforms.Build.0 = Release|x86
		{2B2192E9-C25A-4B12-96E8-38526B549D1C}.Release|x86.ActiveCfg = Release|x86
		{2B2192E9-C25A-4B12-96E8-38526B549D1C}.Release|x86.Build.0 = Release|x86
		{2B2192E9-C25A-4B12-96E8-38526B549D1C}.ReleaseXBAP|Any CPU.ActiveCfg = Release|Any CPU
		{2B2192E9-C25A-4B12-96E8-38526B549D1C}.ReleaseXBAP|Any CPU.Build.0 = Release|Any CPU
		{2B2192E9-C25A-4B12-96E8-38526B549D1C}.ReleaseXBAP|Mixed Platforms.ActiveCfg = Release|Any CPU
		{2B2192E9-C25A-4B12-96E8-38526B549D1C}.ReleaseXBAP|Mixed Platforms.Build.0 = Release|Any CPU
		{2B2192E9-C25A-4B12-96E8-38526B549D1C}.ReleaseXBAP|x86.ActiveCfg = Release|Any CPU
		{8297DC66-BABB-4AC8-8B80-E75B9413E0D2}.Debug|Any CPU.ActiveCfg = Debug|x86
		{8297DC66-BABB-4AC8-8B80-E75B9413E0D2}.Debug|Any CPU.Build.0 = Debug|x86
		{8297DC66-BABB-4AC8-8B80-E75B9413E0D2}.Debug|Mixed Platforms.ActiveCfg = Debug|x86
		{8297DC66-BABB-4AC8-8B80-E75B9413E0D2}.Debug|Mixed Platforms.Build.0 = Debug|x86
		{8297DC66-BABB-4AC8-8B80-E75B9413E0D2}.Debug|x86.ActiveCfg = Debug|x86
		{8297DC66-BABB-4AC8-8B80-E75B9413E0D2}.Debug|x86.Build.0 = Debug|x86
		{8297DC66-BABB-4AC8-8B80-E75B9413E0D2}.FullDebug|Any CPU.ActiveCfg = Debug|x86
		{8297DC66-BABB-4AC8-8B80-E75B9413E0D2}.FullDebug|Mixed Platforms.ActiveCfg = Debug|x86
		{8297DC66-BABB-4AC8-8B80-E75B9413E0D2}.FullDebug|Mixed Platforms.Build.0 = Debug|x86
		{8297DC66-BABB-4AC8-8B80-E75B9413E0D2}.FullDebug|x86.ActiveCfg = Debug|x86
		{8297DC66-BABB-4AC8-8B80-E75B9413E0D2}.FullDebug|x86.Build.0 = Debug|x86
		{8297DC66-BABB-4AC8-8B80-E75B9413E0D2}.Release|Any CPU.ActiveCfg = Release|x86
		{8297DC66-BABB-4AC8-8B80-E75B9413E0D2}.Release|Mixed Platforms.ActiveCfg = Release|x86
		{8297DC66-BABB-4AC8-8B80-E75B9413E0D2}.Release|Mixed Platforms.Build.0 = Release|x86
		{8297DC66-BABB-4AC8-8B80-E75B9413E0D2}.Release|x86.ActiveCfg = Release|x86
		{8297DC66-BABB-4AC8-8B80-E75B9413E0D2}.Release|x86.Build.0 = Release|x86
		{8297DC66-BABB-4AC8-8B80-E75B9413E0D2}.ReleaseXBAP|Any CPU.ActiveCfg = Release|x86
		{8297DC66-BABB-4AC8-8B80-E75B9413E0D2}.ReleaseXBAP|Mixed Platforms.ActiveCfg = Release|x86
		{8297DC66-BABB-4AC8-8B80-E75B9413E0D2}.ReleaseXBAP|Mixed Platforms.Build.0 = Release|x86
		{8297DC66-BABB-4AC8-8B80-E75B9413E0D2}.ReleaseXBAP|x86.ActiveCfg = Release|x86
		{8297DC66-BABB-4AC8-8B80-E75B9413E0D2}.ReleaseXBAP|x86.Build.0 = Release|x86
		{C5AE0D58-C471-4AE1-A2D3-6AE1FED2AF78}.Debug|Any CPU.ActiveCfg = Debug|Any CPU
		{C5AE0D58-C471-4AE1-A2D3-6AE1FED2AF78}.Debug|Any CPU.Build.0 = Debug|Any CPU
		{C5AE0D58-C471-4AE1-A2D3-6AE1FED2AF78}.Debug|Mixed Platforms.ActiveCfg = Debug|Any CPU
		{C5AE0D58-C471-4AE1-A2D3-6AE1FED2AF78}.Debug|Mixed Platforms.Build.0 = Debug|Any CPU
		{C5AE0D58-C471-4AE1-A2D3-6AE1FED2AF78}.Debug|x86.ActiveCfg = Debug|Any CPU
		{C5AE0D58-C471-4AE1-A2D3-6AE1FED2AF78}.Debug|x86.Build.0 = Debug|Any CPU
		{C5AE0D58-C471-4AE1-A2D3-6AE1FED2AF78}.FullDebug|Any CPU.ActiveCfg = FullDebug|Any CPU
		{C5AE0D58-C471-4AE1-A2D3-6AE1FED2AF78}.FullDebug|Any CPU.Build.0 = FullDebug|Any CPU
		{C5AE0D58-C471-4AE1-A2D3-6AE1FED2AF78}.FullDebug|Mixed Platforms.ActiveCfg = FullDebug|Any CPU
		{C5AE0D58-C471-4AE1-A2D3-6AE1FED2AF78}.FullDebug|Mixed Platforms.Build.0 = FullDebug|Any CPU
		{C5AE0D58-C471-4AE1-A2D3-6AE1FED2AF78}.FullDebug|x86.ActiveCfg = FullDebug|Any CPU
		{C5AE0D58-C471-4AE1-A2D3-6AE1FED2AF78}.Release|Any CPU.ActiveCfg = Release|Any CPU
		{C5AE0D58-C471-4AE1-A2D3-6AE1FED2AF78}.Release|Any CPU.Build.0 = Release|Any CPU
		{C5AE0D58-C471-4AE1-A2D3-6AE1FED2AF78}.Release|Mixed Platforms.ActiveCfg = Release|Any CPU
		{C5AE0D58-C471-4AE1-A2D3-6AE1FED2AF78}.Release|Mixed Platforms.Build.0 = Release|Any CPU
		{C5AE0D58-C471-4AE1-A2D3-6AE1FED2AF78}.Release|x86.ActiveCfg = Release|Any CPU
		{C5AE0D58-C471-4AE1-A2D3-6AE1FED2AF78}.ReleaseXBAP|Any CPU.ActiveCfg = Release|Any CPU
		{C5AE0D58-C471-4AE1-A2D3-6AE1FED2AF78}.ReleaseXBAP|Any CPU.Build.0 = Release|Any CPU
		{C5AE0D58-C471-4AE1-A2D3-6AE1FED2AF78}.ReleaseXBAP|Mixed Platforms.ActiveCfg = Release|Any CPU
		{C5AE0D58-C471-4AE1-A2D3-6AE1FED2AF78}.ReleaseXBAP|Mixed Platforms.Build.0 = Release|Any CPU
		{C5AE0D58-C471-4AE1-A2D3-6AE1FED2AF78}.ReleaseXBAP|x86.ActiveCfg = Release|Any CPU
		{C273605B-D557-4F56-A49D-D080E7982A25}.Debug|Any CPU.ActiveCfg = Debug|x86
		{C273605B-D557-4F56-A49D-D080E7982A25}.Debug|Any CPU.Build.0 = Debug|x86
		{C273605B-D557-4F56-A49D-D080E7982A25}.Debug|Mixed Platforms.ActiveCfg = Debug|x86
		{C273605B-D557-4F56-A49D-D080E7982A25}.Debug|Mixed Platforms.Build.0 = Debug|x86
		{C273605B-D557-4F56-A49D-D080E7982A25}.Debug|x86.ActiveCfg = Debug|x86
		{C273605B-D557-4F56-A49D-D080E7982A25}.Debug|x86.Build.0 = Debug|x86
		{C273605B-D557-4F56-A49D-D080E7982A25}.FullDebug|Any CPU.ActiveCfg = Debug|x86
		{C273605B-D557-4F56-A49D-D080E7982A25}.FullDebug|Mixed Platforms.ActiveCfg = Debug|x86
		{C273605B-D557-4F56-A49D-D080E7982A25}.FullDebug|Mixed Platforms.Build.0 = Debug|x86
		{C273605B-D557-4F56-A49D-D080E7982A25}.FullDebug|x86.ActiveCfg = Debug|x86
		{C273605B-D557-4F56-A49D-D080E7982A25}.FullDebug|x86.Build.0 = Debug|x86
		{C273605B-D557-4F56-A49D-D080E7982A25}.Release|Any CPU.ActiveCfg = Release|x86
		{C273605B-D557-4F56-A49D-D080E7982A25}.Release|Mixed Platforms.ActiveCfg = Release|x86
		{C273605B-D557-4F56-A49D-D080E7982A25}.Release|Mixed Platforms.Build.0 = Release|x86
		{C273605B-D557-4F56-A49D-D080E7982A25}.Release|x86.ActiveCfg = Release|x86
		{C273605B-D557-4F56-A49D-D080E7982A25}.Release|x86.Build.0 = Release|x86
		{C273605B-D557-4F56-A49D-D080E7982A25}.ReleaseXBAP|Any CPU.ActiveCfg = Release|x86
		{C273605B-D557-4F56-A49D-D080E7982A25}.ReleaseXBAP|Mixed Platforms.ActiveCfg = Release|x86
		{C273605B-D557-4F56-A49D-D080E7982A25}.ReleaseXBAP|Mixed Platforms.Build.0 = Release|x86
		{C273605B-D557-4F56-A49D-D080E7982A25}.ReleaseXBAP|x86.ActiveCfg = Release|x86
		{C273605B-D557-4F56-A49D-D080E7982A25}.ReleaseXBAP|x86.Build.0 = Release|x86
		{FB338E53-99EE-4568-9B3D-CC85004E58F2}.Debug|Any CPU.ActiveCfg = Debug|Any CPU
		{FB338E53-99EE-4568-9B3D-CC85004E58F2}.Debug|Any CPU.Build.0 = Debug|Any CPU
		{FB338E53-99EE-4568-9B3D-CC85004E58F2}.Debug|Mixed Platforms.ActiveCfg = Debug|Any CPU
		{FB338E53-99EE-4568-9B3D-CC85004E58F2}.Debug|Mixed Platforms.Build.0 = Debug|Any CPU
		{FB338E53-99EE-4568-9B3D-CC85004E58F2}.Debug|x86.ActiveCfg = Debug|Any CPU
		{FB338E53-99EE-4568-9B3D-CC85004E58F2}.FullDebug|Any CPU.ActiveCfg = FullDebug|Any CPU
		{FB338E53-99EE-4568-9B3D-CC85004E58F2}.FullDebug|Any CPU.Build.0 = FullDebug|Any CPU
		{FB338E53-99EE-4568-9B3D-CC85004E58F2}.FullDebug|Mixed Platforms.ActiveCfg = FullDebug|Any CPU
		{FB338E53-99EE-4568-9B3D-CC85004E58F2}.FullDebug|Mixed Platforms.Build.0 = FullDebug|Any CPU
		{FB338E53-99EE-4568-9B3D-CC85004E58F2}.FullDebug|x86.ActiveCfg = FullDebug|Any CPU
		{FB338E53-99EE-4568-9B3D-CC85004E58F2}.Release|Any CPU.ActiveCfg = Release|Any CPU
		{FB338E53-99EE-4568-9B3D-CC85004E58F2}.Release|Any CPU.Build.0 = Release|Any CPU
		{FB338E53-99EE-4568-9B3D-CC85004E58F2}.Release|Mixed Platforms.ActiveCfg = Release|Any CPU
		{FB338E53-99EE-4568-9B3D-CC85004E58F2}.Release|Mixed Platforms.Build.0 = Release|Any CPU
		{FB338E53-99EE-4568-9B3D-CC85004E58F2}.Release|x86.ActiveCfg = Release|Any CPU
		{FB338E53-99EE-4568-9B3D-CC85004E58F2}.ReleaseXBAP|Any CPU.ActiveCfg = Release|Any CPU
		{FB338E53-99EE-4568-9B3D-CC85004E58F2}.ReleaseXBAP|Any CPU.Build.0 = Release|Any CPU
		{FB338E53-99EE-4568-9B3D-CC85004E58F2}.ReleaseXBAP|Mixed Platforms.ActiveCfg = Release|Any CPU
		{FB338E53-99EE-4568-9B3D-CC85004E58F2}.ReleaseXBAP|Mixed Platforms.Build.0 = Release|Any CPU
		{FB338E53-99EE-4568-9B3D-CC85004E58F2}.ReleaseXBAP|x86.ActiveCfg = Release|Any CPU
		{5C692517-E5B1-44E7-A0C1-568A50E04D91}.Debug|Any CPU.ActiveCfg = Debug|Any CPU
		{5C692517-E5B1-44E7-A0C1-568A50E04D91}.Debug|Any CPU.Build.0 = Debug|Any CPU
		{5C692517-E5B1-44E7-A0C1-568A50E04D91}.Debug|Mixed Platforms.ActiveCfg = Debug|Any CPU
		{5C692517-E5B1-44E7-A0C1-568A50E04D91}.Debug|Mixed Platforms.Build.0 = Debug|Any CPU
		{5C692517-E5B1-44E7-A0C1-568A50E04D91}.Debug|x86.ActiveCfg = Debug|Any CPU
		{5C692517-E5B1-44E7-A0C1-568A50E04D91}.FullDebug|Any CPU.ActiveCfg = Debug|Any CPU
		{5C692517-E5B1-44E7-A0C1-568A50E04D91}.FullDebug|Any CPU.Build.0 = Debug|Any CPU
		{5C692517-E5B1-44E7-A0C1-568A50E04D91}.FullDebug|Mixed Platforms.ActiveCfg = Debug|Any CPU
		{5C692517-E5B1-44E7-A0C1-568A50E04D91}.FullDebug|Mixed Platforms.Build.0 = Debug|Any CPU
		{5C692517-E5B1-44E7-A0C1-568A50E04D91}.FullDebug|x86.ActiveCfg = Debug|Any CPU
		{5C692517-E5B1-44E7-A0C1-568A50E04D91}.Release|Any CPU.ActiveCfg = Release|Any CPU
		{5C692517-E5B1-44E7-A0C1-568A50E04D91}.Release|Any CPU.Build.0 = Release|Any CPU
		{5C692517-E5B1-44E7-A0C1-568A50E04D91}.Release|Mixed Platforms.ActiveCfg = Release|Any CPU
		{5C692517-E5B1-44E7-A0C1-568A50E04D91}.Release|Mixed Platforms.Build.0 = Release|Any CPU
		{5C692517-E5B1-44E7-A0C1-568A50E04D91}.Release|x86.ActiveCfg = Release|Any CPU
		{5C692517-E5B1-44E7-A0C1-568A50E04D91}.ReleaseXBAP|Any CPU.ActiveCfg = Release|Any CPU
		{5C692517-E5B1-44E7-A0C1-568A50E04D91}.ReleaseXBAP|Any CPU.Build.0 = Release|Any CPU
		{5C692517-E5B1-44E7-A0C1-568A50E04D91}.ReleaseXBAP|Mixed Platforms.ActiveCfg = Release|Any CPU
		{5C692517-E5B1-44E7-A0C1-568A50E04D91}.ReleaseXBAP|Mixed Platforms.Build.0 = Release|Any CPU
		{5C692517-E5B1-44E7-A0C1-568A50E04D91}.ReleaseXBAP|x86.ActiveCfg = Release|Any CPU
		{44C0DB5F-B7FB-41F5-ABC2-23DB8FAEF1DA}.Debug|Any CPU.ActiveCfg = Debug|Any CPU
		{44C0DB5F-B7FB-41F5-ABC2-23DB8FAEF1DA}.Debug|Any CPU.Build.0 = Debug|Any CPU
		{44C0DB5F-B7FB-41F5-ABC2-23DB8FAEF1DA}.Debug|Mixed Platforms.ActiveCfg = Debug|Any CPU
		{44C0DB5F-B7FB-41F5-ABC2-23DB8FAEF1DA}.Debug|Mixed Platforms.Build.0 = Debug|Any CPU
		{44C0DB5F-B7FB-41F5-ABC2-23DB8FAEF1DA}.Debug|x86.ActiveCfg = Debug|Any CPU
		{44C0DB5F-B7FB-41F5-ABC2-23DB8FAEF1DA}.FullDebug|Any CPU.ActiveCfg = Debug|Any CPU
		{44C0DB5F-B7FB-41F5-ABC2-23DB8FAEF1DA}.FullDebug|Any CPU.Build.0 = Debug|Any CPU
		{44C0DB5F-B7FB-41F5-ABC2-23DB8FAEF1DA}.FullDebug|Mixed Platforms.ActiveCfg = Debug|Any CPU
		{44C0DB5F-B7FB-41F5-ABC2-23DB8FAEF1DA}.FullDebug|Mixed Platforms.Build.0 = Debug|Any CPU
		{44C0DB5F-B7FB-41F5-ABC2-23DB8FAEF1DA}.FullDebug|x86.ActiveCfg = Debug|Any CPU
		{44C0DB5F-B7FB-41F5-ABC2-23DB8FAEF1DA}.Release|Any CPU.ActiveCfg = Release|Any CPU
		{44C0DB5F-B7FB-41F5-ABC2-23DB8FAEF1DA}.Release|Any CPU.Build.0 = Release|Any CPU
		{44C0DB5F-B7FB-41F5-ABC2-23DB8FAEF1DA}.Release|Mixed Platforms.ActiveCfg = Release|Any CPU
		{44C0DB5F-B7FB-41F5-ABC2-23DB8FAEF1DA}.Release|Mixed Platforms.Build.0 = Release|Any CPU
		{44C0DB5F-B7FB-41F5-ABC2-23DB8FAEF1DA}.Release|x86.ActiveCfg = Release|Any CPU
		{44C0DB5F-B7FB-41F5-ABC2-23DB8FAEF1DA}.ReleaseXBAP|Any CPU.ActiveCfg = Release|Any CPU
		{44C0DB5F-B7FB-41F5-ABC2-23DB8FAEF1DA}.ReleaseXBAP|Any CPU.Build.0 = Release|Any CPU
		{44C0DB5F-B7FB-41F5-ABC2-23DB8FAEF1DA}.ReleaseXBAP|Mixed Platforms.ActiveCfg = Release|Any CPU
		{44C0DB5F-B7FB-41F5-ABC2-23DB8FAEF1DA}.ReleaseXBAP|Mixed Platforms.Build.0 = Release|Any CPU
		{44C0DB5F-B7FB-41F5-ABC2-23DB8FAEF1DA}.ReleaseXBAP|x86.ActiveCfg = Release|Any CPU
		{69FA789B-AF1C-46B6-BA96-802155241DBC}.Debug|Any CPU.ActiveCfg = Debug|Any CPU
		{69FA789B-AF1C-46B6-BA96-802155241DBC}.Debug|Any CPU.Build.0 = Debug|Any CPU
		{69FA789B-AF1C-46B6-BA96-802155241DBC}.Debug|Mixed Platforms.ActiveCfg = Debug|Any CPU
		{69FA789B-AF1C-46B6-BA96-802155241DBC}.Debug|Mixed Platforms.Build.0 = Debug|Any CPU
		{69FA789B-AF1C-46B6-BA96-802155241DBC}.Debug|x86.ActiveCfg = Debug|Any CPU
		{69FA789B-AF1C-46B6-BA96-802155241DBC}.FullDebug|Any CPU.ActiveCfg = Debug|Any CPU
		{69FA789B-AF1C-46B6-BA96-802155241DBC}.FullDebug|Any CPU.Build.0 = Debug|Any CPU
		{69FA789B-AF1C-46B6-BA96-802155241DBC}.FullDebug|Mixed Platforms.ActiveCfg = Debug|Any CPU
		{69FA789B-AF1C-46B6-BA96-802155241DBC}.FullDebug|Mixed Platforms.Build.0 = Debug|Any CPU
		{69FA789B-AF1C-46B6-BA96-802155241DBC}.FullDebug|x86.ActiveCfg = Debug|Any CPU
		{69FA789B-AF1C-46B6-BA96-802155241DBC}.Release|Any CPU.ActiveCfg = Release|Any CPU
		{69FA789B-AF1C-46B6-BA96-802155241DBC}.Release|Any CPU.Build.0 = Release|Any CPU
		{69FA789B-AF1C-46B6-BA96-802155241DBC}.Release|Mixed Platforms.ActiveCfg = Release|Any CPU
		{69FA789B-AF1C-46B6-BA96-802155241DBC}.Release|Mixed Platforms.Build.0 = Release|Any CPU
		{69FA789B-AF1C-46B6-BA96-802155241DBC}.Release|x86.ActiveCfg = Release|Any CPU
		{69FA789B-AF1C-46B6-BA96-802155241DBC}.ReleaseXBAP|Any CPU.ActiveCfg = Release|Any CPU
		{69FA789B-AF1C-46B6-BA96-802155241DBC}.ReleaseXBAP|Any CPU.Build.0 = Release|Any CPU
		{69FA789B-AF1C-46B6-BA96-802155241DBC}.ReleaseXBAP|Mixed Platforms.ActiveCfg = Release|Any CPU
		{69FA789B-AF1C-46B6-BA96-802155241DBC}.ReleaseXBAP|Mixed Platforms.Build.0 = Release|Any CPU
		{69FA789B-AF1C-46B6-BA96-802155241DBC}.ReleaseXBAP|x86.ActiveCfg = Release|Any CPU
		{42D90415-3C69-49BA-BB26-57DE8E4D12AE}.Debug|Any CPU.ActiveCfg = Debug|x86
		{42D90415-3C69-49BA-BB26-57DE8E4D12AE}.Debug|Any CPU.Build.0 = Debug|x86
		{42D90415-3C69-49BA-BB26-57DE8E4D12AE}.Debug|Mixed Platforms.ActiveCfg = Debug|x86
		{42D90415-3C69-49BA-BB26-57DE8E4D12AE}.Debug|Mixed Platforms.Build.0 = Debug|x86
		{42D90415-3C69-49BA-BB26-57DE8E4D12AE}.Debug|x86.ActiveCfg = Debug|x86
		{42D90415-3C69-49BA-BB26-57DE8E4D12AE}.Debug|x86.Build.0 = Debug|x86
		{42D90415-3C69-49BA-BB26-57DE8E4D12AE}.FullDebug|Any CPU.ActiveCfg = Debug|x86
		{42D90415-3C69-49BA-BB26-57DE8E4D12AE}.FullDebug|Mixed Platforms.ActiveCfg = Debug|x86
		{42D90415-3C69-49BA-BB26-57DE8E4D12AE}.FullDebug|Mixed Platforms.Build.0 = Debug|x86
		{42D90415-3C69-49BA-BB26-57DE8E4D12AE}.FullDebug|x86.ActiveCfg = Debug|x86
		{42D90415-3C69-49BA-BB26-57DE8E4D12AE}.FullDebug|x86.Build.0 = Debug|x86
		{42D90415-3C69-49BA-BB26-57DE8E4D12AE}.Release|Any CPU.ActiveCfg = Release|x86
		{42D90415-3C69-49BA-BB26-57DE8E4D12AE}.Release|Mixed Platforms.ActiveCfg = Release|x86
		{42D90415-3C69-49BA-BB26-57DE8E4D12AE}.Release|Mixed Platforms.Build.0 = Release|x86
		{42D90415-3C69-49BA-BB26-57DE8E4D12AE}.Release|x86.ActiveCfg = Release|x86
		{42D90415-3C69-49BA-BB26-57DE8E4D12AE}.Release|x86.Build.0 = Release|x86
		{42D90415-3C69-49BA-BB26-57DE8E4D12AE}.ReleaseXBAP|Any CPU.ActiveCfg = Release|x86
		{42D90415-3C69-49BA-BB26-57DE8E4D12AE}.ReleaseXBAP|Mixed Platforms.ActiveCfg = Release|x86
		{42D90415-3C69-49BA-BB26-57DE8E4D12AE}.ReleaseXBAP|Mixed Platforms.Build.0 = Release|x86
		{42D90415-3C69-49BA-BB26-57DE8E4D12AE}.ReleaseXBAP|x86.ActiveCfg = Release|x86
		{42D90415-3C69-49BA-BB26-57DE8E4D12AE}.ReleaseXBAP|x86.Build.0 = Release|x86
		{94207655-B188-454C-93B9-867EBB413B61}.Debug|Any CPU.ActiveCfg = Debug|Any CPU
		{94207655-B188-454C-93B9-867EBB413B61}.Debug|Any CPU.Build.0 = Debug|Any CPU
		{94207655-B188-454C-93B9-867EBB413B61}.Debug|Mixed Platforms.ActiveCfg = Debug|Any CPU
		{94207655-B188-454C-93B9-867EBB413B61}.Debug|Mixed Platforms.Build.0 = Debug|Any CPU
		{94207655-B188-454C-93B9-867EBB413B61}.Debug|x86.ActiveCfg = Debug|Any CPU
		{94207655-B188-454C-93B9-867EBB413B61}.FullDebug|Any CPU.ActiveCfg = Debug|Any CPU
		{94207655-B188-454C-93B9-867EBB413B61}.FullDebug|Any CPU.Build.0 = Debug|Any CPU
		{94207655-B188-454C-93B9-867EBB413B61}.FullDebug|Mixed Platforms.ActiveCfg = Debug|Any CPU
		{94207655-B188-454C-93B9-867EBB413B61}.FullDebug|Mixed Platforms.Build.0 = Debug|Any CPU
		{94207655-B188-454C-93B9-867EBB413B61}.FullDebug|x86.ActiveCfg = Debug|Any CPU
		{94207655-B188-454C-93B9-867EBB413B61}.Release|Any CPU.ActiveCfg = Release|Any CPU
		{94207655-B188-454C-93B9-867EBB413B61}.Release|Any CPU.Build.0 = Release|Any CPU
		{94207655-B188-454C-93B9-867EBB413B61}.Release|Mixed Platforms.ActiveCfg = Release|Any CPU
		{94207655-B188-454C-93B9-867EBB413B61}.Release|Mixed Platforms.Build.0 = Release|Any CPU
		{94207655-B188-454C-93B9-867EBB413B61}.Release|x86.ActiveCfg = Release|Any CPU
		{94207655-B188-454C-93B9-867EBB413B61}.ReleaseXBAP|Any CPU.ActiveCfg = Release|Any CPU
		{94207655-B188-454C-93B9-867EBB413B61}.ReleaseXBAP|Any CPU.Build.0 = Release|Any CPU
		{94207655-B188-454C-93B9-867EBB413B61}.ReleaseXBAP|Mixed Platforms.ActiveCfg = Release|Any CPU
		{94207655-B188-454C-93B9-867EBB413B61}.ReleaseXBAP|Mixed Platforms.Build.0 = Release|Any CPU
		{94207655-B188-454C-93B9-867EBB413B61}.ReleaseXBAP|x86.ActiveCfg = Release|Any CPU
		{E6F957AA-0184-4291-8D50-B3ABEE965EF8}.Debug|Any CPU.ActiveCfg = Debug|Any CPU
		{E6F957AA-0184-4291-8D50-B3ABEE965EF8}.Debug|Any CPU.Build.0 = Debug|Any CPU
		{E6F957AA-0184-4291-8D50-B3ABEE965EF8}.Debug|Mixed Platforms.ActiveCfg = Debug|Any CPU
		{E6F957AA-0184-4291-8D50-B3ABEE965EF8}.Debug|Mixed Platforms.Build.0 = Debug|Any CPU
		{E6F957AA-0184-4291-8D50-B3ABEE965EF8}.Debug|x86.ActiveCfg = Debug|Any CPU
		{E6F957AA-0184-4291-8D50-B3ABEE965EF8}.FullDebug|Any CPU.ActiveCfg = Debug|Any CPU
		{E6F957AA-0184-4291-8D50-B3ABEE965EF8}.FullDebug|Any CPU.Build.0 = Debug|Any CPU
		{E6F957AA-0184-4291-8D50-B3ABEE965EF8}.FullDebug|Mixed Platforms.ActiveCfg = Debug|Any CPU
		{E6F957AA-0184-4291-8D50-B3ABEE965EF8}.FullDebug|Mixed Platforms.Build.0 = Debug|Any CPU
		{E6F957AA-0184-4291-8D50-B3ABEE965EF8}.FullDebug|x86.ActiveCfg = Debug|Any CPU
		{E6F957AA-0184-4291-8D50-B3ABEE965EF8}.Release|Any CPU.ActiveCfg = Release|Any CPU
		{E6F957AA-0184-4291-8D50-B3ABEE965EF8}.Release|Any CPU.Build.0 = Release|Any CPU
		{E6F957AA-0184-4291-8D50-B3ABEE965EF8}.Release|Mixed Platforms.ActiveCfg = Release|Any CPU
		{E6F957AA-0184-4291-8D50-B3ABEE965EF8}.Release|Mixed Platforms.Build.0 = Release|Any CPU
		{E6F957AA-0184-4291-8D50-B3ABEE965EF8}.Release|x86.ActiveCfg = Release|Any CPU
		{E6F957AA-0184-4291-8D50-B3ABEE965EF8}.ReleaseXBAP|Any CPU.ActiveCfg = Release|Any CPU
		{E6F957AA-0184-4291-8D50-B3ABEE965EF8}.ReleaseXBAP|Any CPU.Build.0 = Release|Any CPU
		{E6F957AA-0184-4291-8D50-B3ABEE965EF8}.ReleaseXBAP|Mixed Platforms.ActiveCfg = Release|Any CPU
		{E6F957AA-0184-4291-8D50-B3ABEE965EF8}.ReleaseXBAP|Mixed Platforms.Build.0 = Release|Any CPU
		{E6F957AA-0184-4291-8D50-B3ABEE965EF8}.ReleaseXBAP|x86.ActiveCfg = Release|Any CPU
		{2AF58707-0251-4D57-B661-44350E3F516B}.Debug|Any CPU.ActiveCfg = Debug|x86
		{2AF58707-0251-4D57-B661-44350E3F516B}.Debug|Any CPU.Build.0 = Debug|x86
		{2AF58707-0251-4D57-B661-44350E3F516B}.Debug|Mixed Platforms.ActiveCfg = Debug|x86
		{2AF58707-0251-4D57-B661-44350E3F516B}.Debug|Mixed Platforms.Build.0 = Debug|x86
		{2AF58707-0251-4D57-B661-44350E3F516B}.Debug|x86.ActiveCfg = Debug|x86
		{2AF58707-0251-4D57-B661-44350E3F516B}.Debug|x86.Build.0 = Debug|x86
		{2AF58707-0251-4D57-B661-44350E3F516B}.FullDebug|Any CPU.ActiveCfg = Debug|x86
		{2AF58707-0251-4D57-B661-44350E3F516B}.FullDebug|Mixed Platforms.ActiveCfg = Debug|x86
		{2AF58707-0251-4D57-B661-44350E3F516B}.FullDebug|Mixed Platforms.Build.0 = Debug|x86
		{2AF58707-0251-4D57-B661-44350E3F516B}.FullDebug|x86.ActiveCfg = Debug|x86
		{2AF58707-0251-4D57-B661-44350E3F516B}.FullDebug|x86.Build.0 = Debug|x86
		{2AF58707-0251-4D57-B661-44350E3F516B}.Release|Any CPU.ActiveCfg = Release|x86
		{2AF58707-0251-4D57-B661-44350E3F516B}.Release|Mixed Platforms.ActiveCfg = Release|x86
		{2AF58707-0251-4D57-B661-44350E3F516B}.Release|Mixed Platforms.Build.0 = Release|x86
		{2AF58707-0251-4D57-B661-44350E3F516B}.Release|x86.ActiveCfg = Release|x86
		{2AF58707-0251-4D57-B661-44350E3F516B}.Release|x86.Build.0 = Release|x86
		{2AF58707-0251-4D57-B661-44350E3F516B}.ReleaseXBAP|Any CPU.ActiveCfg = Release|x86
		{2AF58707-0251-4D57-B661-44350E3F516B}.ReleaseXBAP|Mixed Platforms.ActiveCfg = Release|x86
		{2AF58707-0251-4D57-B661-44350E3F516B}.ReleaseXBAP|Mixed Platforms.Build.0 = Release|x86
		{2AF58707-0251-4D57-B661-44350E3F516B}.ReleaseXBAP|x86.ActiveCfg = Release|x86
		{2AF58707-0251-4D57-B661-44350E3F516B}.ReleaseXBAP|x86.Build.0 = Release|x86
		{09FFC2ED-1437-4476-9499-1642A7B04565}.Debug|Any CPU.ActiveCfg = Debug|Any CPU
		{09FFC2ED-1437-4476-9499-1642A7B04565}.Debug|Any CPU.Build.0 = Debug|Any CPU
		{09FFC2ED-1437-4476-9499-1642A7B04565}.Debug|Mixed Platforms.ActiveCfg = Debug|Any CPU
		{09FFC2ED-1437-4476-9499-1642A7B04565}.Debug|Mixed Platforms.Build.0 = Debug|Any CPU
		{09FFC2ED-1437-4476-9499-1642A7B04565}.Debug|x86.ActiveCfg = Debug|Any CPU
		{09FFC2ED-1437-4476-9499-1642A7B04565}.FullDebug|Any CPU.ActiveCfg = Debug|Any CPU
		{09FFC2ED-1437-4476-9499-1642A7B04565}.FullDebug|Any CPU.Build.0 = Debug|Any CPU
		{09FFC2ED-1437-4476-9499-1642A7B04565}.FullDebug|Mixed Platforms.ActiveCfg = Debug|Any CPU
		{09FFC2ED-1437-4476-9499-1642A7B04565}.FullDebug|Mixed Platforms.Build.0 = Debug|Any CPU
		{09FFC2ED-1437-4476-9499-1642A7B04565}.FullDebug|x86.ActiveCfg = Debug|Any CPU
		{09FFC2ED-1437-4476-9499-1642A7B04565}.Release|Any CPU.ActiveCfg = Release|Any CPU
		{09FFC2ED-1437-4476-9499-1642A7B04565}.Release|Any CPU.Build.0 = Release|Any CPU
		{09FFC2ED-1437-4476-9499-1642A7B04565}.Release|Mixed Platforms.ActiveCfg = Release|Any CPU
		{09FFC2ED-1437-4476-9499-1642A7B04565}.Release|Mixed Platforms.Build.0 = Release|Any CPU
		{09FFC2ED-1437-4476-9499-1642A7B04565}.Release|x86.ActiveCfg = Release|Any CPU
		{09FFC2ED-1437-4476-9499-1642A7B04565}.ReleaseXBAP|Any CPU.ActiveCfg = Release|Any CPU
		{09FFC2ED-1437-4476-9499-1642A7B04565}.ReleaseXBAP|Any CPU.Build.0 = Release|Any CPU
		{09FFC2ED-1437-4476-9499-1642A7B04565}.ReleaseXBAP|Mixed Platforms.ActiveCfg = Release|Any CPU
		{09FFC2ED-1437-4476-9499-1642A7B04565}.ReleaseXBAP|Mixed Platforms.Build.0 = Release|Any CPU
		{09FFC2ED-1437-4476-9499-1642A7B04565}.ReleaseXBAP|x86.ActiveCfg = Release|Any CPU
		{E5E2080A-1C25-4847-A068-6102EFD4CE74}.Debug|Any CPU.ActiveCfg = Debug|Any CPU
		{E5E2080A-1C25-4847-A068-6102EFD4CE74}.Debug|Any CPU.Build.0 = Debug|Any CPU
		{E5E2080A-1C25-4847-A068-6102EFD4CE74}.Debug|Mixed Platforms.ActiveCfg = Debug|Any CPU
		{E5E2080A-1C25-4847-A068-6102EFD4CE74}.Debug|Mixed Platforms.Build.0 = Debug|Any CPU
		{E5E2080A-1C25-4847-A068-6102EFD4CE74}.Debug|x86.ActiveCfg = Debug|Any CPU
		{E5E2080A-1C25-4847-A068-6102EFD4CE74}.FullDebug|Any CPU.ActiveCfg = Debug|Any CPU
		{E5E2080A-1C25-4847-A068-6102EFD4CE74}.FullDebug|Any CPU.Build.0 = Debug|Any CPU
		{E5E2080A-1C25-4847-A068-6102EFD4CE74}.FullDebug|Mixed Platforms.ActiveCfg = Debug|Any CPU
		{E5E2080A-1C25-4847-A068-6102EFD4CE74}.FullDebug|Mixed Platforms.Build.0 = Debug|Any CPU
		{E5E2080A-1C25-4847-A068-6102EFD4CE74}.FullDebug|x86.ActiveCfg = Debug|Any CPU
		{E5E2080A-1C25-4847-A068-6102EFD4CE74}.Release|Any CPU.ActiveCfg = Release|Any CPU
		{E5E2080A-1C25-4847-A068-6102EFD4CE74}.Release|Any CPU.Build.0 = Release|Any CPU
		{E5E2080A-1C25-4847-A068-6102EFD4CE74}.Release|Mixed Platforms.ActiveCfg = Release|Any CPU
		{E5E2080A-1C25-4847-A068-6102EFD4CE74}.Release|Mixed Platforms.Build.0 = Release|Any CPU
		{E5E2080A-1C25-4847-A068-6102EFD4CE74}.Release|x86.ActiveCfg = Release|Any CPU
		{E5E2080A-1C25-4847-A068-6102EFD4CE74}.ReleaseXBAP|Any CPU.ActiveCfg = Release|Any CPU
		{E5E2080A-1C25-4847-A068-6102EFD4CE74}.ReleaseXBAP|Any CPU.Build.0 = Release|Any CPU
		{E5E2080A-1C25-4847-A068-6102EFD4CE74}.ReleaseXBAP|Mixed Platforms.ActiveCfg = Release|Any CPU
		{E5E2080A-1C25-4847-A068-6102EFD4CE74}.ReleaseXBAP|Mixed Platforms.Build.0 = Release|Any CPU
		{E5E2080A-1C25-4847-A068-6102EFD4CE74}.ReleaseXBAP|x86.ActiveCfg = Release|Any CPU
		{AA5A59D4-1872-4CED-AB8F-3117FAC961E8}.Debug|Any CPU.ActiveCfg = Debug|Any CPU
		{AA5A59D4-1872-4CED-AB8F-3117FAC961E8}.Debug|Any CPU.Build.0 = Debug|Any CPU
		{AA5A59D4-1872-4CED-AB8F-3117FAC961E8}.Debug|Mixed Platforms.ActiveCfg = Debug|Any CPU
		{AA5A59D4-1872-4CED-AB8F-3117FAC961E8}.Debug|Mixed Platforms.Build.0 = Debug|Any CPU
		{AA5A59D4-1872-4CED-AB8F-3117FAC961E8}.Debug|x86.ActiveCfg = Debug|Any CPU
		{AA5A59D4-1872-4CED-AB8F-3117FAC961E8}.FullDebug|Any CPU.ActiveCfg = Debug|Any CPU
		{AA5A59D4-1872-4CED-AB8F-3117FAC961E8}.FullDebug|Any CPU.Build.0 = Debug|Any CPU
		{AA5A59D4-1872-4CED-AB8F-3117FAC961E8}.FullDebug|Mixed Platforms.ActiveCfg = Debug|Any CPU
		{AA5A59D4-1872-4CED-AB8F-3117FAC961E8}.FullDebug|Mixed Platforms.Build.0 = Debug|Any CPU
		{AA5A59D4-1872-4CED-AB8F-3117FAC961E8}.FullDebug|x86.ActiveCfg = Debug|Any CPU
		{AA5A59D4-1872-4CED-AB8F-3117FAC961E8}.Release|Any CPU.ActiveCfg = Release|Any CPU
		{AA5A59D4-1872-4CED-AB8F-3117FAC961E8}.Release|Any CPU.Build.0 = Release|Any CPU
		{AA5A59D4-1872-4CED-AB8F-3117FAC961E8}.Release|Mixed Platforms.ActiveCfg = Release|Any CPU
		{AA5A59D4-1872-4CED-AB8F-3117FAC961E8}.Release|Mixed Platforms.Build.0 = Release|Any CPU
		{AA5A59D4-1872-4CED-AB8F-3117FAC961E8}.Release|x86.ActiveCfg = Release|Any CPU
		{AA5A59D4-1872-4CED-AB8F-3117FAC961E8}.ReleaseXBAP|Any CPU.ActiveCfg = Release|Any CPU
		{AA5A59D4-1872-4CED-AB8F-3117FAC961E8}.ReleaseXBAP|Any CPU.Build.0 = Release|Any CPU
		{AA5A59D4-1872-4CED-AB8F-3117FAC961E8}.ReleaseXBAP|Mixed Platforms.ActiveCfg = Release|Any CPU
		{AA5A59D4-1872-4CED-AB8F-3117FAC961E8}.ReleaseXBAP|Mixed Platforms.Build.0 = Release|Any CPU
		{AA5A59D4-1872-4CED-AB8F-3117FAC961E8}.ReleaseXBAP|x86.ActiveCfg = Release|Any CPU
		{F563AD06-23E3-43CD-83B2-3AFE8177DE22}.Debug|Any CPU.ActiveCfg = Debug|x86
		{F563AD06-23E3-43CD-83B2-3AFE8177DE22}.Debug|Mixed Platforms.ActiveCfg = Debug|x86
		{F563AD06-23E3-43CD-83B2-3AFE8177DE22}.Debug|Mixed Platforms.Build.0 = Debug|x86
		{F563AD06-23E3-43CD-83B2-3AFE8177DE22}.Debug|x86.ActiveCfg = Debug|x86
		{F563AD06-23E3-43CD-83B2-3AFE8177DE22}.Debug|x86.Build.0 = Debug|x86
		{F563AD06-23E3-43CD-83B2-3AFE8177DE22}.FullDebug|Any CPU.ActiveCfg = Debug|x86
		{F563AD06-23E3-43CD-83B2-3AFE8177DE22}.FullDebug|Mixed Platforms.ActiveCfg = Debug|x86
		{F563AD06-23E3-43CD-83B2-3AFE8177DE22}.FullDebug|Mixed Platforms.Build.0 = Debug|x86
		{F563AD06-23E3-43CD-83B2-3AFE8177DE22}.FullDebug|x86.ActiveCfg = Debug|x86
		{F563AD06-23E3-43CD-83B2-3AFE8177DE22}.FullDebug|x86.Build.0 = Debug|x86
		{F563AD06-23E3-43CD-83B2-3AFE8177DE22}.Release|Any CPU.ActiveCfg = Release|x86
		{F563AD06-23E3-43CD-83B2-3AFE8177DE22}.Release|Mixed Platforms.ActiveCfg = Release|x86
		{F563AD06-23E3-43CD-83B2-3AFE8177DE22}.Release|Mixed Platforms.Build.0 = Release|x86
		{F563AD06-23E3-43CD-83B2-3AFE8177DE22}.Release|x86.ActiveCfg = Release|x86
		{F563AD06-23E3-43CD-83B2-3AFE8177DE22}.Release|x86.Build.0 = Release|x86
		{F563AD06-23E3-43CD-83B2-3AFE8177DE22}.ReleaseXBAP|Any CPU.ActiveCfg = Release|x86
		{F563AD06-23E3-43CD-83B2-3AFE8177DE22}.ReleaseXBAP|Mixed Platforms.ActiveCfg = Release|x86
		{F563AD06-23E3-43CD-83B2-3AFE8177DE22}.ReleaseXBAP|Mixed Platforms.Build.0 = Release|x86
		{F563AD06-23E3-43CD-83B2-3AFE8177DE22}.ReleaseXBAP|x86.ActiveCfg = Release|x86
		{F563AD06-23E3-43CD-83B2-3AFE8177DE22}.ReleaseXBAP|x86.Build.0 = Release|x86
		{ECD37682-DF7E-409F-912D-0965634556B5}.Debug|Any CPU.ActiveCfg = Debug|Any CPU
		{ECD37682-DF7E-409F-912D-0965634556B5}.Debug|Any CPU.Build.0 = Debug|Any CPU
		{ECD37682-DF7E-409F-912D-0965634556B5}.Debug|Mixed Platforms.ActiveCfg = Debug|Any CPU
		{ECD37682-DF7E-409F-912D-0965634556B5}.Debug|Mixed Platforms.Build.0 = Debug|Any CPU
		{ECD37682-DF7E-409F-912D-0965634556B5}.Debug|x86.ActiveCfg = Debug|Any CPU
		{ECD37682-DF7E-409F-912D-0965634556B5}.FullDebug|Any CPU.ActiveCfg = Debug|Any CPU
		{ECD37682-DF7E-409F-912D-0965634556B5}.FullDebug|Any CPU.Build.0 = Debug|Any CPU
		{ECD37682-DF7E-409F-912D-0965634556B5}.FullDebug|Mixed Platforms.ActiveCfg = Debug|Any CPU
		{ECD37682-DF7E-409F-912D-0965634556B5}.FullDebug|Mixed Platforms.Build.0 = Debug|Any CPU
		{ECD37682-DF7E-409F-912D-0965634556B5}.FullDebug|x86.ActiveCfg = Debug|Any CPU
		{ECD37682-DF7E-409F-912D-0965634556B5}.Release|Any CPU.ActiveCfg = Release|Any CPU
		{ECD37682-DF7E-409F-912D-0965634556B5}.Release|Any CPU.Build.0 = Release|Any CPU
		{ECD37682-DF7E-409F-912D-0965634556B5}.Release|Mixed Platforms.ActiveCfg = Release|Any CPU
		{ECD37682-DF7E-409F-912D-0965634556B5}.Release|Mixed Platforms.Build.0 = Release|Any CPU
		{ECD37682-DF7E-409F-912D-0965634556B5}.Release|x86.ActiveCfg = Release|Any CPU
		{ECD37682-DF7E-409F-912D-0965634556B5}.ReleaseXBAP|Any CPU.ActiveCfg = ReleaseXBAP|Any CPU
		{ECD37682-DF7E-409F-912D-0965634556B5}.ReleaseXBAP|Any CPU.Build.0 = ReleaseXBAP|Any CPU
		{ECD37682-DF7E-409F-912D-0965634556B5}.ReleaseXBAP|Mixed Platforms.ActiveCfg = ReleaseXBAP|Any CPU
		{ECD37682-DF7E-409F-912D-0965634556B5}.ReleaseXBAP|Mixed Platforms.Build.0 = ReleaseXBAP|Any CPU
		{ECD37682-DF7E-409F-912D-0965634556B5}.ReleaseXBAP|x86.ActiveCfg = ReleaseXBAP|Any CPU
	EndGlobalSection
	GlobalSection(SolutionProperties) = preSolution
		HideSolutionNode = FALSE
	EndGlobalSection
	GlobalSection(NestedProjects) = preSolution
		{5C692517-E5B1-44E7-A0C1-568A50E04D91} = {81905E92-B95E-4103-9E0A-3A5151EAD034}
		{69FA789B-AF1C-46B6-BA96-802155241DBC} = {81905E92-B95E-4103-9E0A-3A5151EAD034}
		{FB338E53-99EE-4568-9B3D-CC85004E58F2} = {81905E92-B95E-4103-9E0A-3A5151EAD034}
		{AA5A59D4-1872-4CED-AB8F-3117FAC961E8} = {81905E92-B95E-4103-9E0A-3A5151EAD034}
		{F563AD06-23E3-43CD-83B2-3AFE8177DE22} = {81905E92-B95E-4103-9E0A-3A5151EAD034}
		{94207655-B188-454C-93B9-867EBB413B61} = {F1DCCDAF-22C2-40DB-AED8-2A27EE4B10A2}
		{2AF58707-0251-4D57-B661-44350E3F516B} = {F1DCCDAF-22C2-40DB-AED8-2A27EE4B10A2}
		{42D90415-3C69-49BA-BB26-57DE8E4D12AE} = {F1DCCDAF-22C2-40DB-AED8-2A27EE4B10A2}
	EndGlobalSection
EndGlobal
