
Microsoft Visual Studio Solution File, Format Version 11.00
# Visual Studio 2010
Project("{FAE04EC0-301F-11D3-BF4B-00C04F79EFBC}") = "ModuleLogsProvider.ServerTypes", "..\ModuleLogsProvider.Types\ModuleLogsProvider.ServerTypes.csproj", "{E6F957AA-0184-4291-8D50-B3ABEE965EF8}"
EndProject
Project("{FAE04EC0-301F-11D3-BF4B-00C04F79EFBC}") = "LogAnalyzer.GUI", "LogAnalyzer\LogAnalyzer.GUI.csproj", "{2B2192E9-C25A-4B12-96E8-38526B549D1C}"
EndProject
Project("{FAE04EC0-301F-11D3-BF4B-00C04F79EFBC}") = "LogAnalyzer.Core", "LogAnalyzer.Core\LogAnalyzer.Core.csproj", "{C5AE0D58-C471-4AE1-A2D3-6AE1FED2AF78}"
EndProject
Project("{FAE04EC0-301F-11D3-BF4B-00C04F79EFBC}") = "ModuleLogsProvider.Logging", "ModuleLogsProvider.Logging\ModuleLogsProvider.Logging.csproj", "{44C0DB5F-B7FB-41F5-ABC2-23DB8FAEF1DA}"
EndProject
Project("{FAE04EC0-301F-11D3-BF4B-00C04F79EFBC}") = "LogsService", "LogsService\LogsService.csproj", "{1F3BC95E-3E86-434A-AA66-C9877560DEA7}"
EndProject
Project("{FAE04EC0-301F-11D3-BF4B-00C04F79EFBC}") = "LogAnalyzer.App", "LogAnalyzer.App\LogAnalyzer.App.csproj", "{8297DC66-BABB-4AC8-8B80-E75B9413E0D2}"
EndProject
Project("{FAE04EC0-301F-11D3-BF4B-00C04F79EFBC}") = "LogAnalyzer.Tests", "LogAnalyzer.Tests\LogAnalyzer.Tests.csproj", "{FB338E53-99EE-4568-9B3D-CC85004E58F2}"
EndProject
Project("{FAE04EC0-301F-11D3-BF4B-00C04F79EFBC}") = "ModuleLogsProvider.Tests", "ModuleLogsProvider.Tests\ModuleLogsProvider.Tests.csproj", "{69FA789B-AF1C-46B6-BA96-802155241DBC}"
EndProject
Project("{FAE04EC0-301F-11D3-BF4B-00C04F79EFBC}") = "AWADExtensions", "..\AWADExtensions\AWADExtensions.csproj", "{3CDFA931-929E-40BC-BD84-3465D26635B8}"
EndProject
Global
	GlobalSection(SolutionConfigurationPlatforms) = preSolution
		Debug|Any CPU = Debug|Any CPU
		Debug|Mixed Platforms = Debug|Mixed Platforms
		Debug|x64 = Debug|x64
		Debug|x86 = Debug|x86
		FullDebug|Any CPU = FullDebug|Any CPU
		FullDebug|Mixed Platforms = FullDebug|Mixed Platforms
		FullDebug|x64 = FullDebug|x64
		FullDebug|x86 = FullDebug|x86
		Release|Any CPU = Release|Any CPU
		Release|Mixed Platforms = Release|Mixed Platforms
		Release|x64 = Release|x64
		Release|x86 = Release|x86
	EndGlobalSection
	GlobalSection(ProjectConfigurationPlatforms) = postSolution
		{E6F957AA-0184-4291-8D50-B3ABEE965EF8}.Debug|Any CPU.ActiveCfg = Debug|Any CPU
		{E6F957AA-0184-4291-8D50-B3ABEE965EF8}.Debug|Any CPU.Build.0 = Debug|Any CPU
		{E6F957AA-0184-4291-8D50-B3ABEE965EF8}.Debug|Mixed Platforms.ActiveCfg = Debug|Any CPU
		{E6F957AA-0184-4291-8D50-B3ABEE965EF8}.Debug|Mixed Platforms.Build.0 = Debug|Any CPU
		{E6F957AA-0184-4291-8D50-B3ABEE965EF8}.Debug|x64.ActiveCfg = Debug|Any CPU
		{E6F957AA-0184-4291-8D50-B3ABEE965EF8}.Debug|x86.ActiveCfg = Debug|Any CPU
		{E6F957AA-0184-4291-8D50-B3ABEE965EF8}.FullDebug|Any CPU.ActiveCfg = Debug|Any CPU
		{E6F957AA-0184-4291-8D50-B3ABEE965EF8}.FullDebug|Any CPU.Build.0 = Debug|Any CPU
		{E6F957AA-0184-4291-8D50-B3ABEE965EF8}.FullDebug|Mixed Platforms.ActiveCfg = Debug|Any CPU
		{E6F957AA-0184-4291-8D50-B3ABEE965EF8}.FullDebug|Mixed Platforms.Build.0 = Debug|Any CPU
		{E6F957AA-0184-4291-8D50-B3ABEE965EF8}.FullDebug|x64.ActiveCfg = Debug|Any CPU
		{E6F957AA-0184-4291-8D50-B3ABEE965EF8}.FullDebug|x86.ActiveCfg = Debug|Any CPU
		{E6F957AA-0184-4291-8D50-B3ABEE965EF8}.Release|Any CPU.ActiveCfg = Release|Any CPU
		{E6F957AA-0184-4291-8D50-B3ABEE965EF8}.Release|Any CPU.Build.0 = Release|Any CPU
		{E6F957AA-0184-4291-8D50-B3ABEE965EF8}.Release|Mixed Platforms.ActiveCfg = Release|Any CPU
		{E6F957AA-0184-4291-8D50-B3ABEE965EF8}.Release|Mixed Platforms.Build.0 = Release|Any CPU
		{E6F957AA-0184-4291-8D50-B3ABEE965EF8}.Release|x64.ActiveCfg = Release|Any CPU
		{E6F957AA-0184-4291-8D50-B3ABEE965EF8}.Release|x86.ActiveCfg = Release|Any CPU
		{2B2192E9-C25A-4B12-96E8-38526B549D1C}.Debug|Any CPU.ActiveCfg = Debug|x86
		{2B2192E9-C25A-4B12-96E8-38526B549D1C}.Debug|Mixed Platforms.ActiveCfg = Debug|x86
		{2B2192E9-C25A-4B12-96E8-38526B549D1C}.Debug|Mixed Platforms.Build.0 = Debug|x86
		{2B2192E9-C25A-4B12-96E8-38526B549D1C}.Debug|x64.ActiveCfg = Debug|x86
		{2B2192E9-C25A-4B12-96E8-38526B549D1C}.Debug|x86.ActiveCfg = Debug|x86
		{2B2192E9-C25A-4B12-96E8-38526B549D1C}.Debug|x86.Build.0 = Debug|x86
		{2B2192E9-C25A-4B12-96E8-38526B549D1C}.FullDebug|Any CPU.ActiveCfg = FullDebug|x86
		{2B2192E9-C25A-4B12-96E8-38526B549D1C}.FullDebug|Mixed Platforms.ActiveCfg = FullDebug|x86
		{2B2192E9-C25A-4B12-96E8-38526B549D1C}.FullDebug|Mixed Platforms.Build.0 = FullDebug|x86
		{2B2192E9-C25A-4B12-96E8-38526B549D1C}.FullDebug|x64.ActiveCfg = FullDebug|x86
		{2B2192E9-C25A-4B12-96E8-38526B549D1C}.FullDebug|x86.ActiveCfg = FullDebug|x86
		{2B2192E9-C25A-4B12-96E8-38526B549D1C}.FullDebug|x86.Build.0 = FullDebug|x86
		{2B2192E9-C25A-4B12-96E8-38526B549D1C}.Release|Any CPU.ActiveCfg = Release|x86
		{2B2192E9-C25A-4B12-96E8-38526B549D1C}.Release|Mixed Platforms.ActiveCfg = Release|x86
		{2B2192E9-C25A-4B12-96E8-38526B549D1C}.Release|Mixed Platforms.Build.0 = Release|x86
		{2B2192E9-C25A-4B12-96E8-38526B549D1C}.Release|x64.ActiveCfg = Release|x86
		{2B2192E9-C25A-4B12-96E8-38526B549D1C}.Release|x86.ActiveCfg = Release|x86
		{2B2192E9-C25A-4B12-96E8-38526B549D1C}.Release|x86.Build.0 = Release|x86
		{C5AE0D58-C471-4AE1-A2D3-6AE1FED2AF78}.Debug|Any CPU.ActiveCfg = Debug|Any CPU
		{C5AE0D58-C471-4AE1-A2D3-6AE1FED2AF78}.Debug|Any CPU.Build.0 = Debug|Any CPU
		{C5AE0D58-C471-4AE1-A2D3-6AE1FED2AF78}.Debug|Mixed Platforms.ActiveCfg = Debug|Any CPU
		{C5AE0D58-C471-4AE1-A2D3-6AE1FED2AF78}.Debug|Mixed Platforms.Build.0 = Debug|Any CPU
		{C5AE0D58-C471-4AE1-A2D3-6AE1FED2AF78}.Debug|x64.ActiveCfg = Debug|Any CPU
		{C5AE0D58-C471-4AE1-A2D3-6AE1FED2AF78}.Debug|x86.ActiveCfg = Debug|Any CPU
		{C5AE0D58-C471-4AE1-A2D3-6AE1FED2AF78}.FullDebug|Any CPU.ActiveCfg = FullDebug|Any CPU
		{C5AE0D58-C471-4AE1-A2D3-6AE1FED2AF78}.FullDebug|Any CPU.Build.0 = FullDebug|Any CPU
		{C5AE0D58-C471-4AE1-A2D3-6AE1FED2AF78}.FullDebug|Mixed Platforms.ActiveCfg = FullDebug|Any CPU
		{C5AE0D58-C471-4AE1-A2D3-6AE1FED2AF78}.FullDebug|Mixed Platforms.Build.0 = FullDebug|Any CPU
		{C5AE0D58-C471-4AE1-A2D3-6AE1FED2AF78}.FullDebug|x64.ActiveCfg = FullDebug|Any CPU
		{C5AE0D58-C471-4AE1-A2D3-6AE1FED2AF78}.FullDebug|x86.ActiveCfg = FullDebug|Any CPU
		{C5AE0D58-C471-4AE1-A2D3-6AE1FED2AF78}.Release|Any CPU.ActiveCfg = Release|Any CPU
		{C5AE0D58-C471-4AE1-A2D3-6AE1FED2AF78}.Release|Any CPU.Build.0 = Release|Any CPU
		{C5AE0D58-C471-4AE1-A2D3-6AE1FED2AF78}.Release|Mixed Platforms.ActiveCfg = Release|Any CPU
		{C5AE0D58-C471-4AE1-A2D3-6AE1FED2AF78}.Release|Mixed Platforms.Build.0 = Release|Any CPU
		{C5AE0D58-C471-4AE1-A2D3-6AE1FED2AF78}.Release|x64.ActiveCfg = Release|Any CPU
		{C5AE0D58-C471-4AE1-A2D3-6AE1FED2AF78}.Release|x86.ActiveCfg = Release|Any CPU
		{44C0DB5F-B7FB-41F5-ABC2-23DB8FAEF1DA}.Debug|Any CPU.ActiveCfg = Debug|Any CPU
		{44C0DB5F-B7FB-41F5-ABC2-23DB8FAEF1DA}.Debug|Any CPU.Build.0 = Debug|Any CPU
		{44C0DB5F-B7FB-41F5-ABC2-23DB8FAEF1DA}.Debug|Mixed Platforms.ActiveCfg = Debug|Any CPU
		{44C0DB5F-B7FB-41F5-ABC2-23DB8FAEF1DA}.Debug|Mixed Platforms.Build.0 = Debug|Any CPU
		{44C0DB5F-B7FB-41F5-ABC2-23DB8FAEF1DA}.Debug|x64.ActiveCfg = Debug|Any CPU
		{44C0DB5F-B7FB-41F5-ABC2-23DB8FAEF1DA}.Debug|x86.ActiveCfg = Debug|Any CPU
		{44C0DB5F-B7FB-41F5-ABC2-23DB8FAEF1DA}.FullDebug|Any CPU.ActiveCfg = Debug|Any CPU
		{44C0DB5F-B7FB-41F5-ABC2-23DB8FAEF1DA}.FullDebug|Any CPU.Build.0 = Debug|Any CPU
		{44C0DB5F-B7FB-41F5-ABC2-23DB8FAEF1DA}.FullDebug|Mixed Platforms.ActiveCfg = Debug|Any CPU
		{44C0DB5F-B7FB-41F5-ABC2-23DB8FAEF1DA}.FullDebug|Mixed Platforms.Build.0 = Debug|Any CPU
		{44C0DB5F-B7FB-41F5-ABC2-23DB8FAEF1DA}.FullDebug|x64.ActiveCfg = Debug|Any CPU
		{44C0DB5F-B7FB-41F5-ABC2-23DB8FAEF1DA}.FullDebug|x86.ActiveCfg = Debug|Any CPU
		{44C0DB5F-B7FB-41F5-ABC2-23DB8FAEF1DA}.Release|Any CPU.ActiveCfg = Release|Any CPU
		{44C0DB5F-B7FB-41F5-ABC2-23DB8FAEF1DA}.Release|Any CPU.Build.0 = Release|Any CPU
		{44C0DB5F-B7FB-41F5-ABC2-23DB8FAEF1DA}.Release|Mixed Platforms.ActiveCfg = Release|Any CPU
		{44C0DB5F-B7FB-41F5-ABC2-23DB8FAEF1DA}.Release|Mixed Platforms.Build.0 = Release|Any CPU
		{44C0DB5F-B7FB-41F5-ABC2-23DB8FAEF1DA}.Release|x64.ActiveCfg = Release|Any CPU
		{44C0DB5F-B7FB-41F5-ABC2-23DB8FAEF1DA}.Release|x86.ActiveCfg = Release|Any CPU
		{1F3BC95E-3E86-434A-AA66-C9877560DEA7}.Debug|Any CPU.ActiveCfg = Debug|Any CPU
		{1F3BC95E-3E86-434A-AA66-C9877560DEA7}.Debug|Any CPU.Build.0 = Debug|Any CPU
		{1F3BC95E-3E86-434A-AA66-C9877560DEA7}.Debug|Mixed Platforms.ActiveCfg = Debug|Any CPU
		{1F3BC95E-3E86-434A-AA66-C9877560DEA7}.Debug|Mixed Platforms.Build.0 = Debug|Any CPU
		{1F3BC95E-3E86-434A-AA66-C9877560DEA7}.Debug|x64.ActiveCfg = Debug|Any CPU
		{1F3BC95E-3E86-434A-AA66-C9877560DEA7}.Debug|x86.ActiveCfg = Debug|Any CPU
		{1F3BC95E-3E86-434A-AA66-C9877560DEA7}.FullDebug|Any CPU.ActiveCfg = Debug|Any CPU
		{1F3BC95E-3E86-434A-AA66-C9877560DEA7}.FullDebug|Any CPU.Build.0 = Debug|Any CPU
		{1F3BC95E-3E86-434A-AA66-C9877560DEA7}.FullDebug|Mixed Platforms.ActiveCfg = Debug|Any CPU
		{1F3BC95E-3E86-434A-AA66-C9877560DEA7}.FullDebug|Mixed Platforms.Build.0 = Debug|Any CPU
		{1F3BC95E-3E86-434A-AA66-C9877560DEA7}.FullDebug|x64.ActiveCfg = Debug|Any CPU
		{1F3BC95E-3E86-434A-AA66-C9877560DEA7}.FullDebug|x86.ActiveCfg = Debug|Any CPU
		{1F3BC95E-3E86-434A-AA66-C9877560DEA7}.Release|Any CPU.ActiveCfg = Release|Any CPU
		{1F3BC95E-3E86-434A-AA66-C9877560DEA7}.Release|Any CPU.Build.0 = Release|Any CPU
		{1F3BC95E-3E86-434A-AA66-C9877560DEA7}.Release|Mixed Platforms.ActiveCfg = Release|Any CPU
		{1F3BC95E-3E86-434A-AA66-C9877560DEA7}.Release|Mixed Platforms.Build.0 = Release|Any CPU
		{1F3BC95E-3E86-434A-AA66-C9877560DEA7}.Release|x64.ActiveCfg = Release|Any CPU
		{1F3BC95E-3E86-434A-AA66-C9877560DEA7}.Release|x86.ActiveCfg = Release|Any CPU
		{8297DC66-BABB-4AC8-8B80-E75B9413E0D2}.Debug|Any CPU.ActiveCfg = Debug|x86
		{8297DC66-BABB-4AC8-8B80-E75B9413E0D2}.Debug|Mixed Platforms.ActiveCfg = Debug|x86
		{8297DC66-BABB-4AC8-8B80-E75B9413E0D2}.Debug|Mixed Platforms.Build.0 = Debug|x86
		{8297DC66-BABB-4AC8-8B80-E75B9413E0D2}.Debug|x64.ActiveCfg = Debug|x86
		{8297DC66-BABB-4AC8-8B80-E75B9413E0D2}.Debug|x86.ActiveCfg = Debug|x86
		{8297DC66-BABB-4AC8-8B80-E75B9413E0D2}.Debug|x86.Build.0 = Debug|x86
		{8297DC66-BABB-4AC8-8B80-E75B9413E0D2}.FullDebug|Any CPU.ActiveCfg = Debug|x86
		{8297DC66-BABB-4AC8-8B80-E75B9413E0D2}.FullDebug|Mixed Platforms.ActiveCfg = Debug|x86
		{8297DC66-BABB-4AC8-8B80-E75B9413E0D2}.FullDebug|Mixed Platforms.Build.0 = Debug|x86
		{8297DC66-BABB-4AC8-8B80-E75B9413E0D2}.FullDebug|x64.ActiveCfg = Debug|x86
		{8297DC66-BABB-4AC8-8B80-E75B9413E0D2}.FullDebug|x86.ActiveCfg = Debug|x86
		{8297DC66-BABB-4AC8-8B80-E75B9413E0D2}.FullDebug|x86.Build.0 = Debug|x86
		{8297DC66-BABB-4AC8-8B80-E75B9413E0D2}.Release|Any CPU.ActiveCfg = Release|x86
		{8297DC66-BABB-4AC8-8B80-E75B9413E0D2}.Release|Mixed Platforms.ActiveCfg = Release|x86
		{8297DC66-BABB-4AC8-8B80-E75B9413E0D2}.Release|Mixed Platforms.Build.0 = Release|x86
		{8297DC66-BABB-4AC8-8B80-E75B9413E0D2}.Release|x64.ActiveCfg = Release|x86
		{8297DC66-BABB-4AC8-8B80-E75B9413E0D2}.Release|x86.ActiveCfg = Release|x86
		{8297DC66-BABB-4AC8-8B80-E75B9413E0D2}.Release|x86.Build.0 = Release|x86
		{FB338E53-99EE-4568-9B3D-CC85004E58F2}.Debug|Any CPU.ActiveCfg = Debug|Any CPU
		{FB338E53-99EE-4568-9B3D-CC85004E58F2}.Debug|Any CPU.Build.0 = Debug|Any CPU
		{FB338E53-99EE-4568-9B3D-CC85004E58F2}.Debug|Mixed Platforms.ActiveCfg = Debug|Any CPU
		{FB338E53-99EE-4568-9B3D-CC85004E58F2}.Debug|Mixed Platforms.Build.0 = Debug|Any CPU
		{FB338E53-99EE-4568-9B3D-CC85004E58F2}.Debug|x64.ActiveCfg = Debug|Any CPU
		{FB338E53-99EE-4568-9B3D-CC85004E58F2}.Debug|x86.ActiveCfg = Debug|Any CPU
		{FB338E53-99EE-4568-9B3D-CC85004E58F2}.FullDebug|Any CPU.ActiveCfg = FullDebug|Any CPU
		{FB338E53-99EE-4568-9B3D-CC85004E58F2}.FullDebug|Any CPU.Build.0 = FullDebug|Any CPU
		{FB338E53-99EE-4568-9B3D-CC85004E58F2}.FullDebug|Mixed Platforms.ActiveCfg = FullDebug|Any CPU
		{FB338E53-99EE-4568-9B3D-CC85004E58F2}.FullDebug|Mixed Platforms.Build.0 = FullDebug|Any CPU
		{FB338E53-99EE-4568-9B3D-CC85004E58F2}.FullDebug|x64.ActiveCfg = FullDebug|Any CPU
		{FB338E53-99EE-4568-9B3D-CC85004E58F2}.FullDebug|x86.ActiveCfg = FullDebug|Any CPU
		{FB338E53-99EE-4568-9B3D-CC85004E58F2}.Release|Any CPU.ActiveCfg = Release|Any CPU
		{FB338E53-99EE-4568-9B3D-CC85004E58F2}.Release|Any CPU.Build.0 = Release|Any CPU
		{FB338E53-99EE-4568-9B3D-CC85004E58F2}.Release|Mixed Platforms.ActiveCfg = Release|Any CPU
		{FB338E53-99EE-4568-9B3D-CC85004E58F2}.Release|Mixed Platforms.Build.0 = Release|Any CPU
		{FB338E53-99EE-4568-9B3D-CC85004E58F2}.Release|x64.ActiveCfg = Release|Any CPU
		{FB338E53-99EE-4568-9B3D-CC85004E58F2}.Release|x86.ActiveCfg = Release|Any CPU
		{69FA789B-AF1C-46B6-BA96-802155241DBC}.Debug|Any CPU.ActiveCfg = Debug|Any CPU
		{69FA789B-AF1C-46B6-BA96-802155241DBC}.Debug|Any CPU.Build.0 = Debug|Any CPU
		{69FA789B-AF1C-46B6-BA96-802155241DBC}.Debug|Mixed Platforms.ActiveCfg = Debug|Any CPU
		{69FA789B-AF1C-46B6-BA96-802155241DBC}.Debug|Mixed Platforms.Build.0 = Debug|Any CPU
		{69FA789B-AF1C-46B6-BA96-802155241DBC}.Debug|x64.ActiveCfg = Debug|Any CPU
		{69FA789B-AF1C-46B6-BA96-802155241DBC}.Debug|x86.ActiveCfg = Debug|Any CPU
		{69FA789B-AF1C-46B6-BA96-802155241DBC}.FullDebug|Any CPU.ActiveCfg = Debug|Any CPU
		{69FA789B-AF1C-46B6-BA96-802155241DBC}.FullDebug|Any CPU.Build.0 = Debug|Any CPU
		{69FA789B-AF1C-46B6-BA96-802155241DBC}.FullDebug|Mixed Platforms.ActiveCfg = Debug|Any CPU
		{69FA789B-AF1C-46B6-BA96-802155241DBC}.FullDebug|Mixed Platforms.Build.0 = Debug|Any CPU
		{69FA789B-AF1C-46B6-BA96-802155241DBC}.FullDebug|x64.ActiveCfg = Debug|Any CPU
		{69FA789B-AF1C-46B6-BA96-802155241DBC}.FullDebug|x86.ActiveCfg = Debug|Any CPU
		{69FA789B-AF1C-46B6-BA96-802155241DBC}.Release|Any CPU.ActiveCfg = Release|Any CPU
		{69FA789B-AF1C-46B6-BA96-802155241DBC}.Release|Any CPU.Build.0 = Release|Any CPU
		{69FA789B-AF1C-46B6-BA96-802155241DBC}.Release|Mixed Platforms.ActiveCfg = Release|Any CPU
		{69FA789B-AF1C-46B6-BA96-802155241DBC}.Release|Mixed Platforms.Build.0 = Release|Any CPU
		{69FA789B-AF1C-46B6-BA96-802155241DBC}.Release|x64.ActiveCfg = Release|Any CPU
		{69FA789B-AF1C-46B6-BA96-802155241DBC}.Release|x86.ActiveCfg = Release|Any CPU
		{3CDFA931-929E-40BC-BD84-3465D26635B8}.Debug|Any CPU.ActiveCfg = Debug|Any CPU
		{3CDFA931-929E-40BC-BD84-3465D26635B8}.Debug|Any CPU.Build.0 = Debug|Any CPU
		{3CDFA931-929E-40BC-BD84-3465D26635B8}.Debug|Mixed Platforms.ActiveCfg = Debug|x86
		{3CDFA931-929E-40BC-BD84-3465D26635B8}.Debug|Mixed Platforms.Build.0 = Debug|x86
		{3CDFA931-929E-40BC-BD84-3465D26635B8}.Debug|x64.ActiveCfg = Debug|x64
		{3CDFA931-929E-40BC-BD84-3465D26635B8}.Debug|x64.Build.0 = Debug|x64
		{3CDFA931-929E-40BC-BD84-3465D26635B8}.Debug|x86.ActiveCfg = Debug|x86
		{3CDFA931-929E-40BC-BD84-3465D26635B8}.Debug|x86.Build.0 = Debug|x86
		{3CDFA931-929E-40BC-BD84-3465D26635B8}.FullDebug|Any CPU.ActiveCfg = Debug|Any CPU
		{3CDFA931-929E-40BC-BD84-3465D26635B8}.FullDebug|Any CPU.Build.0 = Debug|Any CPU
		{3CDFA931-929E-40BC-BD84-3465D26635B8}.FullDebug|Mixed Platforms.ActiveCfg = Debug|x86
		{3CDFA931-929E-40BC-BD84-3465D26635B8}.FullDebug|Mixed Platforms.Build.0 = Debug|x86
		{3CDFA931-929E-40BC-BD84-3465D26635B8}.FullDebug|x64.ActiveCfg = Debug|x64
		{3CDFA931-929E-40BC-BD84-3465D26635B8}.FullDebug|x64.Build.0 = Debug|x64
		{3CDFA931-929E-40BC-BD84-3465D26635B8}.FullDebug|x86.ActiveCfg = Debug|x86
		{3CDFA931-929E-40BC-BD84-3465D26635B8}.FullDebug|x86.Build.0 = Debug|x86
		{3CDFA931-929E-40BC-BD84-3465D26635B8}.Release|Any CPU.ActiveCfg = Release|Any CPU
		{3CDFA931-929E-40BC-BD84-3465D26635B8}.Release|Any CPU.Build.0 = Release|Any CPU
		{3CDFA931-929E-40BC-BD84-3465D26635B8}.Release|Mixed Platforms.ActiveCfg = Release|x86
		{3CDFA931-929E-40BC-BD84-3465D26635B8}.Release|Mixed Platforms.Build.0 = Release|x86
		{3CDFA931-929E-40BC-BD84-3465D26635B8}.Release|x64.ActiveCfg = Release|x64
		{3CDFA931-929E-40BC-BD84-3465D26635B8}.Release|x64.Build.0 = Release|x64
		{3CDFA931-929E-40BC-BD84-3465D26635B8}.Release|x86.ActiveCfg = Release|x86
		{3CDFA931-929E-40BC-BD84-3465D26635B8}.Release|x86.Build.0 = Release|x86
	EndGlobalSection
	GlobalSection(SolutionProperties) = preSolution
		HideSolutionNode = FALSE
	EndGlobalSection
EndGlobal
